
Microsoft Visual Studio Solution File, Format Version 12.00
# Visual Studio 15
VisualStudioVersion = 15.0.27703.2042
MinimumVisualStudioVersion = 10.0.40219.1
Project("{FAE04EC0-301F-11D3-BF4B-00C04F79EFBC}") = "OCRTranslator", "OCRTranslator\OCRTranslator.csproj", "{78166E71-EFD4-4BE2-9DEA-D1635D2D1C6B}"
EndProject
Global
	GlobalSection(SolutionConfigurationPlatforms) = preSolution
		Debug|Any CPU = Debug|Any CPU
		Release|Any CPU = Release|Any CPU
	EndGlobalSection
	GlobalSection(ProjectConfigurationPlatforms) = postSolution
		{78166E71-EFD4-4BE2-9DEA-D1635D2D1C6B}.Debug|Any CPU.ActiveCfg = Debug|Any CPU
		{78166E71-EFD4-4BE2-9DEA-D1635D2D1C6B}.Debug|Any CPU.Build.0 = Debug|Any CPU
		{78166E71-EFD4-4BE2-9DEA-D1635D2D1C6B}.Debug|Any CPU.Deploy.0 = Debug|Any CPU
		{78166E71-EFD4-4BE2-9DEA-D1635D2D1C6B}.Release|Any CPU.ActiveCfg = Release|Any CPU
		{78166E71-EFD4-4BE2-9DEA-D1635D2D1C6B}.Release|Any CPU.Build.0 = Release|Any CPU
		{78166E71-EFD4-4BE2-9DEA-D1635D2D1C6B}.Release|Any CPU.Deploy.0 = Release|Any CPU
	EndGlobalSection
	GlobalSection(SolutionProperties) = preSolution
		HideSolutionNode = FALSE
	EndGlobalSection
	GlobalSection(ExtensibilityGlobals) = postSolution
		SolutionGuid = {F0563450-7031-4450-AE7E-069612268DB8}
	EndGlobalSection
EndGlobal
